
Microsoft Visual Studio Solution File, Format Version 12.00
# Visual Studio Version 16
VisualStudioVersion = 16.0.31313.79
MinimumVisualStudioVersion = 10.0.40219.1
Project("{FAE04EC0-301F-11D3-BF4B-00C04F79EFBC}") = "Assembly-CSharp", "Assembly-CSharp.csproj", "{95BB74CC-6BA7-EBF2-E8B4-5BDD68586A20}"
EndProject
Global
	GlobalSection(SolutionConfigurationPlatforms) = preSolution
		Debug|Any CPU = Debug|Any CPU
		Release|Any CPU = Release|Any CPU
	EndGlobalSection
	GlobalSection(ProjectConfigurationPlatforms) = postSolution
		{95BB74CC-6BA7-EBF2-E8B4-5BDD68586A20}.Debug|Any CPU.ActiveCfg = Debug|Any CPU
		{95BB74CC-6BA7-EBF2-E8B4-5BDD68586A20}.Debug|Any CPU.Build.0 = Debug|Any CPU
		{95BB74CC-6BA7-EBF2-E8B4-5BDD68586A20}.Release|Any CPU.ActiveCfg = Release|Any CPU
		{95BB74CC-6BA7-EBF2-E8B4-5BDD68586A20}.Release|Any CPU.Build.0 = Release|Any CPU
	EndGlobalSection
	GlobalSection(SolutionProperties) = preSolution
		HideSolutionNode = FALSE
	EndGlobalSection
	GlobalSection(ExtensibilityGlobals) = postSolution
		SolutionGuid = {1D47D9E9-24E2-4A0E-A0B8-ACD46CB7FEFE}
	EndGlobalSection
EndGlobal
